// !$*UTF8*$!
{
	archiveVersion = 1;
	classes = {
	};
	objectVersion = 50;
	objects = {

/* Begin PBXBuildFile section */
		711AE6D0260A24B000E5FE8A /* NSBitmapImageRep+ArthroplastyTemplating.mm in Sources */ = {isa = PBXBuildFile; fileRef = 711AE6B6260A24AF00E5FE8A /* NSBitmapImageRep+ArthroplastyTemplating.mm */; };
		711AE6D1260A24B000E5FE8A /* ArthroplastyTemplatesWindowController.mm in Sources */ = {isa = PBXBuildFile; fileRef = 711AE6B7260A24AF00E5FE8A /* ArthroplastyTemplatesWindowController.mm */; };
		711AE6D2260A24B000E5FE8A /* ArthroplastyTemplatesWindowController+Color.mm in Sources */ = {isa = PBXBuildFile; fileRef = 711AE6B8260A24AF00E5FE8A /* ArthroplastyTemplatesWindowController+Color.mm */; };
		711AE6D3260A24B000E5FE8A /* ArthroplastyTemplate.mm in Sources */ = {isa = PBXBuildFile; fileRef = 711AE6BB260A24AF00E5FE8A /* ArthroplastyTemplate.mm */; };
		711AE6D4260A24B000E5FE8A /* HipArthroplastyTemplating+Versions.m in Sources */ = {isa = PBXBuildFile; fileRef = 711AE6BD260A24AF00E5FE8A /* HipArthroplastyTemplating+Versions.m */; };
		711AE6D5260A24B000E5FE8A /* HipArthroplastyTemplating.mm in Sources */ = {isa = PBXBuildFile; fileRef = 711AE6BF260A24AF00E5FE8A /* HipArthroplastyTemplating.mm */; };
		711AE6D6260A24B000E5FE8A /* ArthroplastyTemplatingUserDefaults.mm in Sources */ = {isa = PBXBuildFile; fileRef = 711AE6C1260A24AF00E5FE8A /* ArthroplastyTemplatingUserDefaults.mm */; };
		711AE6D7260A24B000E5FE8A /* ArthroplastyTemplatingPDFView.mm in Sources */ = {isa = PBXBuildFile; fileRef = 711AE6C2260A24AF00E5FE8A /* ArthroplastyTemplatingPDFView.mm */; };
		711AE6D8260A24B000E5FE8A /* ArthroplastyTemplateFamily.mm in Sources */ = {isa = PBXBuildFile; fileRef = 711AE6C3260A24AF00E5FE8A /* ArthroplastyTemplateFamily.mm */; };
		711AE6D9260A24B000E5FE8A /* ArthroplastyTemplatingTableView.mm in Sources */ = {isa = PBXBuildFile; fileRef = 711AE6C5260A24AF00E5FE8A /* ArthroplastyTemplatingTableView.mm */; };
		711AE6DA260A24B000E5FE8A /* ArthroplastyTemplatesWindowController+Templates.mm in Sources */ = {isa = PBXBuildFile; fileRef = 711AE6C6260A24AF00E5FE8A /* ArthroplastyTemplatesWindowController+Templates.mm */; };
		711AE6DB260A24B000E5FE8A /* ArthroplastyTemplatingSplitView.mm in Sources */ = {isa = PBXBuildFile; fileRef = 711AE6C7260A24AF00E5FE8A /* ArthroplastyTemplatingSplitView.mm */; };
		711AE6DC260A24B000E5FE8A /* ArthroplastyTemplatingStepsController.mm in Sources */ = {isa = PBXBuildFile; fileRef = 711AE6CA260A24AF00E5FE8A /* ArthroplastyTemplatingStepsController.mm */; };
		711AE6DD260A24B000E5FE8A /* HipAT2D.mm in Sources */ = {isa = PBXBuildFile; fileRef = 711AE6CB260A24AF00E5FE8A /* HipAT2D.mm */; };
		711AE6DE260A24B000E5FE8A /* InfoTxtTemplate.mm in Sources */ = {isa = PBXBuildFile; fileRef = 711AE6CD260A24AF00E5FE8A /* InfoTxtTemplate.mm */; };
		711AE6EC260A26AF00E5FE8A /* HipArthroplastyTemplating.tiff in Resources */ = {isa = PBXBuildFile; fileRef = 711AE6EA260A26AF00E5FE8A /* HipArthroplastyTemplating.tiff */; };
		711AE6F0260A26DA00E5FE8A /* HipArthroplastyTemplatingSteps.xib in Resources */ = {isa = PBXBuildFile; fileRef = 711AE6EF260A26DA00E5FE8A /* HipArthroplastyTemplatingSteps.xib */; };
		711AE6F6260A270500E5FE8A /* MEDACTA Templates in Resources */ = {isa = PBXBuildFile; fileRef = 711AE6F4260A270500E5FE8A /* MEDACTA Templates */; };
		711AE6F7260A270500E5FE8A /* Mathys Templates in Resources */ = {isa = PBXBuildFile; fileRef = 711AE6F5260A270500E5FE8A /* Mathys Templates */; };
		711AE709260A2B6400E5FE8A /* ArthroplastyTemplatesWindow.xib in Resources */ = {isa = PBXBuildFile; fileRef = 711AE708260A2B6400E5FE8A /* ArthroplastyTemplatesWindow.xib */; };
/* End PBXBuildFile section */

/* Begin PBXFileReference section */
		711AE691260A20B200E5FE8A /* HipArthroplastyTemplating.osirixplugin */ = {isa = PBXFileReference; explicitFileType = wrapper.cfbundle; includeInIndex = 0; path = HipArthroplastyTemplating.osirixplugin; sourceTree = BUILT_PRODUCTS_DIR; };
		711AE6A7260A214000E5FE8A /* CHANGELOG.md */ = {isa = PBXFileReference; lastKnownFileType = net.daringfireball.markdown; path = CHANGELOG.md; sourceTree = "<group>"; };
		711AE6B0260A24AF00E5FE8A /* ArthroplastyTemplate.h */ = {isa = PBXFileReference; fileEncoding = 4; lastKnownFileType = sourcecode.c.h; path = ArthroplastyTemplate.h; sourceTree = "<group>"; };
		711AE6B1260A24AF00E5FE8A /* ArthroplastyTemplatesWindowController+Color.h */ = {isa = PBXFileReference; fileEncoding = 4; lastKnownFileType = sourcecode.c.h; path = "ArthroplastyTemplatesWindowController+Color.h"; sourceTree = "<group>"; };
		711AE6B2260A24AF00E5FE8A /* ArthroplastyTemplatingTableView.h */ = {isa = PBXFileReference; fileEncoding = 4; lastKnownFileType = sourcecode.c.h; path = ArthroplastyTemplatingTableView.h; sourceTree = "<group>"; };
		711AE6B3260A24AF00E5FE8A /* HipArthroplastyTemplating+Versions.h */ = {isa = PBXFileReference; fileEncoding = 4; lastKnownFileType = sourcecode.c.h; path = "HipArthroplastyTemplating+Versions.h"; sourceTree = "<group>"; };
		711AE6B4260A24AF00E5FE8A /* ArthroplastyTemplatingUserDefaults.h */ = {isa = PBXFileReference; fileEncoding = 4; lastKnownFileType = sourcecode.c.h; path = ArthroplastyTemplatingUserDefaults.h; sourceTree = "<group>"; };
		711AE6B5260A24AF00E5FE8A /* ArthroplastyTemplatingSplitView.h */ = {isa = PBXFileReference; fileEncoding = 4; lastKnownFileType = sourcecode.c.h; path = ArthroplastyTemplatingSplitView.h; sourceTree = "<group>"; };
		711AE6B6260A24AF00E5FE8A /* NSBitmapImageRep+ArthroplastyTemplating.mm */ = {isa = PBXFileReference; fileEncoding = 4; lastKnownFileType = sourcecode.cpp.objcpp; path = "NSBitmapImageRep+ArthroplastyTemplating.mm"; sourceTree = "<group>"; };
		711AE6B7260A24AF00E5FE8A /* ArthroplastyTemplatesWindowController.mm */ = {isa = PBXFileReference; fileEncoding = 4; lastKnownFileType = sourcecode.cpp.objcpp; path = ArthroplastyTemplatesWindowController.mm; sourceTree = "<group>"; };
		711AE6B8260A24AF00E5FE8A /* ArthroplastyTemplatesWindowController+Color.mm */ = {isa = PBXFileReference; fileEncoding = 4; lastKnownFileType = sourcecode.cpp.objcpp; path = "ArthroplastyTemplatesWindowController+Color.mm"; sourceTree = "<group>"; };
		711AE6B9260A24AF00E5FE8A /* ArthroplastyTemplatesWindowController.h */ = {isa = PBXFileReference; fileEncoding = 4; lastKnownFileType = sourcecode.c.h; path = ArthroplastyTemplatesWindowController.h; sourceTree = "<group>"; };
		711AE6BA260A24AF00E5FE8A /* ArthroplastyTemplatingStepsController.h */ = {isa = PBXFileReference; fileEncoding = 4; lastKnownFileType = sourcecode.c.h; path = ArthroplastyTemplatingStepsController.h; sourceTree = "<group>"; };
		711AE6BB260A24AF00E5FE8A /* ArthroplastyTemplate.mm */ = {isa = PBXFileReference; fileEncoding = 4; lastKnownFileType = sourcecode.cpp.objcpp; path = ArthroplastyTemplate.mm; sourceTree = "<group>"; };
		711AE6BC260A24AF00E5FE8A /* ArthroplastyTemplatesWindowController+Templates.h */ = {isa = PBXFileReference; fileEncoding = 4; lastKnownFileType = sourcecode.c.h; path = "ArthroplastyTemplatesWindowController+Templates.h"; sourceTree = "<group>"; };
		711AE6BD260A24AF00E5FE8A /* HipArthroplastyTemplating+Versions.m */ = {isa = PBXFileReference; fileEncoding = 4; lastKnownFileType = sourcecode.c.objc; path = "HipArthroplastyTemplating+Versions.m"; sourceTree = "<group>"; };
		711AE6BE260A24AF00E5FE8A /* ArthroplastyTemplatingPDFView.h */ = {isa = PBXFileReference; fileEncoding = 4; lastKnownFileType = sourcecode.c.h; path = ArthroplastyTemplatingPDFView.h; sourceTree = "<group>"; };
		711AE6BF260A24AF00E5FE8A /* HipArthroplastyTemplating.mm */ = {isa = PBXFileReference; fileEncoding = 4; lastKnownFileType = sourcecode.cpp.objcpp; path = HipArthroplastyTemplating.mm; sourceTree = "<group>"; };
		711AE6C0260A24AF00E5FE8A /* ArthroplastyTemplateFamily.h */ = {isa = PBXFileReference; fileEncoding = 4; lastKnownFileType = sourcecode.c.h; path = ArthroplastyTemplateFamily.h; sourceTree = "<group>"; };
		711AE6C1260A24AF00E5FE8A /* ArthroplastyTemplatingUserDefaults.mm */ = {isa = PBXFileReference; fileEncoding = 4; lastKnownFileType = sourcecode.cpp.objcpp; path = ArthroplastyTemplatingUserDefaults.mm; sourceTree = "<group>"; };
		711AE6C2260A24AF00E5FE8A /* ArthroplastyTemplatingPDFView.mm */ = {isa = PBXFileReference; fileEncoding = 4; lastKnownFileType = sourcecode.cpp.objcpp; path = ArthroplastyTemplatingPDFView.mm; sourceTree = "<group>"; };
		711AE6C3260A24AF00E5FE8A /* ArthroplastyTemplateFamily.mm */ = {isa = PBXFileReference; fileEncoding = 4; lastKnownFileType = sourcecode.cpp.objcpp; path = ArthroplastyTemplateFamily.mm; sourceTree = "<group>"; };
		711AE6C4260A24AF00E5FE8A /* HipAT2D.h */ = {isa = PBXFileReference; fileEncoding = 4; lastKnownFileType = sourcecode.c.h; path = HipAT2D.h; sourceTree = "<group>"; };
		711AE6C5260A24AF00E5FE8A /* ArthroplastyTemplatingTableView.mm */ = {isa = PBXFileReference; fileEncoding = 4; lastKnownFileType = sourcecode.cpp.objcpp; path = ArthroplastyTemplatingTableView.mm; sourceTree = "<group>"; };
		711AE6C6260A24AF00E5FE8A /* ArthroplastyTemplatesWindowController+Templates.mm */ = {isa = PBXFileReference; fileEncoding = 4; lastKnownFileType = sourcecode.cpp.objcpp; path = "ArthroplastyTemplatesWindowController+Templates.mm"; sourceTree = "<group>"; };
		711AE6C7260A24AF00E5FE8A /* ArthroplastyTemplatingSplitView.mm */ = {isa = PBXFileReference; fileEncoding = 4; lastKnownFileType = sourcecode.cpp.objcpp; path = ArthroplastyTemplatingSplitView.mm; sourceTree = "<group>"; };
		711AE6C8260A24AF00E5FE8A /* ArthroplastyTemplatesWindowController+Private.h */ = {isa = PBXFileReference; fileEncoding = 4; lastKnownFileType = sourcecode.c.h; path = "ArthroplastyTemplatesWindowController+Private.h"; sourceTree = "<group>"; };
		711AE6C9260A24AF00E5FE8A /* NSBitmapImageRep+ArthroplastyTemplating.h */ = {isa = PBXFileReference; fileEncoding = 4; lastKnownFileType = sourcecode.c.h; path = "NSBitmapImageRep+ArthroplastyTemplating.h"; sourceTree = "<group>"; };
		711AE6CA260A24AF00E5FE8A /* ArthroplastyTemplatingStepsController.mm */ = {isa = PBXFileReference; fileEncoding = 4; lastKnownFileType = sourcecode.cpp.objcpp; path = ArthroplastyTemplatingStepsController.mm; sourceTree = "<group>"; };
		711AE6CB260A24AF00E5FE8A /* HipAT2D.mm */ = {isa = PBXFileReference; fileEncoding = 4; lastKnownFileType = sourcecode.cpp.objcpp; path = HipAT2D.mm; sourceTree = "<group>"; };
		711AE6CD260A24AF00E5FE8A /* InfoTxtTemplate.mm */ = {isa = PBXFileReference; fileEncoding = 4; lastKnownFileType = sourcecode.cpp.objcpp; path = InfoTxtTemplate.mm; sourceTree = "<group>"; };
		711AE6CE260A24AF00E5FE8A /* InfoTxtTemplate.h */ = {isa = PBXFileReference; fileEncoding = 4; lastKnownFileType = sourcecode.c.h; path = InfoTxtTemplate.h; sourceTree = "<group>"; };
		711AE6CF260A24AF00E5FE8A /* HipArthroplastyTemplating.h */ = {isa = PBXFileReference; fileEncoding = 4; lastKnownFileType = sourcecode.c.h; path = HipArthroplastyTemplating.h; sourceTree = "<group>"; };
		711AE6E5260A262500E5FE8A /* Info.plist */ = {isa = PBXFileReference; lastKnownFileType = text.plist.xml; name = Info.plist; path = HipArthroplastyTemplating/Info.plist; sourceTree = "<group>"; };
		711AE6EA260A26AF00E5FE8A /* HipArthroplastyTemplating.tiff */ = {isa = PBXFileReference; lastKnownFileType = image.tiff; name = HipArthroplastyTemplating.tiff; path = HipArthroplastyTemplating/Resources/HipArthroplastyTemplating.tiff; sourceTree = "<group>"; };
		711AE6EF260A26DA00E5FE8A /* HipArthroplastyTemplatingSteps.xib */ = {isa = PBXFileReference; fileEncoding = 4; lastKnownFileType = file.xib; path = HipArthroplastyTemplatingSteps.xib; sourceTree = "<group>"; };
		711AE6F4260A270500E5FE8A /* MEDACTA Templates */ = {isa = PBXFileReference; lastKnownFileType = folder; name = "MEDACTA Templates"; path = "HipArthroplastyTemplating/Resources/MEDACTA Templates"; sourceTree = "<group>"; };
		711AE6F5260A270500E5FE8A /* Mathys Templates */ = {isa = PBXFileReference; lastKnownFileType = folder; name = "Mathys Templates"; path = "HipArthroplastyTemplating/Resources/Mathys Templates"; sourceTree = "<group>"; };
		711AE6FA260A272E00E5FE8A /* Scripts */ = {isa = PBXFileReference; lastKnownFileType = folder; name = Scripts; path = HipArthroplastyTemplating/Scripts; sourceTree = "<group>"; };
		711AE708260A2B6400E5FE8A /* ArthroplastyTemplatesWindow.xib */ = {isa = PBXFileReference; fileEncoding = 4; lastKnownFileType = file.xib; path = ArthroplastyTemplatesWindow.xib; sourceTree = "<group>"; };
		711AE70C260A2BEC00E5FE8A /* OsiriXAPI.framework */ = {isa = PBXFileReference; lastKnownFileType = wrapper.framework; name = OsiriXAPI.framework; path = "OsiriX-API/OsiriXAPI.framework"; sourceTree = "<group>"; };
/* End PBXFileReference section */

/* Begin PBXFrameworksBuildPhase section */
		711AE68E260A20B200E5FE8A /* Frameworks */ = {
			isa = PBXFrameworksBuildPhase;
			buildActionMask = 2147483647;
			files = (
			);
			runOnlyForDeploymentPostprocessing = 0;
		};
/* End PBXFrameworksBuildPhase section */

/* Begin PBXGroup section */
		711AE688260A20B200E5FE8A = {
			isa = PBXGroup;
			children = (
				711AE6E5260A262500E5FE8A /* Info.plist */,
				711AE6A7260A214000E5FE8A /* CHANGELOG.md */,
				711AE6AF260A24AF00E5FE8A /* Sources */,
				711AE6E8260A269D00E5FE8A /* Resources */,
				711AE6FA260A272E00E5FE8A /* Scripts */,
				711AE70B260A2BD700E5FE8A /* Frameworks */,
				711AE692260A20B200E5FE8A /* Products */,
			);
			sourceTree = "<group>";
		};
		711AE692260A20B200E5FE8A /* Products */ = {
			isa = PBXGroup;
			children = (
				711AE691260A20B200E5FE8A /* HipArthroplastyTemplating.osirixplugin */,
			);
			name = Products;
			sourceTree = "<group>";
		};
		711AE6AF260A24AF00E5FE8A /* Sources */ = {
			isa = PBXGroup;
			children = (
				711AE6CF260A24AF00E5FE8A /* HipArthroplastyTemplating.h */,
				711AE6BF260A24AF00E5FE8A /* HipArthroplastyTemplating.mm */,
				711AE6B3260A24AF00E5FE8A /* HipArthroplastyTemplating+Versions.h */,
				711AE6BD260A24AF00E5FE8A /* HipArthroplastyTemplating+Versions.m */,
				711AE6E3260A255000E5FE8A /* Templates Window */,
				711AE6F3260A26EA00E5FE8A /* Steps */,
				711AE6C4260A24AF00E5FE8A /* HipAT2D.h */,
				711AE6CB260A24AF00E5FE8A /* HipAT2D.mm */,
				711AE6B0260A24AF00E5FE8A /* ArthroplastyTemplate.h */,
				711AE6BB260A24AF00E5FE8A /* ArthroplastyTemplate.mm */,
				711AE6CC260A24AF00E5FE8A /* TemplateTypes */,
				711AE6C0260A24AF00E5FE8A /* ArthroplastyTemplateFamily.h */,
				711AE6C3260A24AF00E5FE8A /* ArthroplastyTemplateFamily.mm */,
				711AE6B2260A24AF00E5FE8A /* ArthroplastyTemplatingTableView.h */,
				711AE6C5260A24AF00E5FE8A /* ArthroplastyTemplatingTableView.mm */,
				711AE6B5260A24AF00E5FE8A /* ArthroplastyTemplatingSplitView.h */,
				711AE6C7260A24AF00E5FE8A /* ArthroplastyTemplatingSplitView.mm */,
				711AE6B4260A24AF00E5FE8A /* ArthroplastyTemplatingUserDefaults.h */,
				711AE6C1260A24AF00E5FE8A /* ArthroplastyTemplatingUserDefaults.mm */,
				711AE6C9260A24AF00E5FE8A /* NSBitmapImageRep+ArthroplastyTemplating.h */,
				711AE6B6260A24AF00E5FE8A /* NSBitmapImageRep+ArthroplastyTemplating.mm */,
			);
			name = Sources;
			path = HipArthroplastyTemplating/Sources;
			sourceTree = "<group>";
		};
		711AE6CC260A24AF00E5FE8A /* TemplateTypes */ = {
			isa = PBXGroup;
			children = (
				711AE6CD260A24AF00E5FE8A /* InfoTxtTemplate.mm */,
				711AE6CE260A24AF00E5FE8A /* InfoTxtTemplate.h */,
			);
			name = TemplateTypes;
			sourceTree = "<group>";
		};
		711AE6E3260A255000E5FE8A /* Templates Window */ = {
			isa = PBXGroup;
			children = (
				711AE708260A2B6400E5FE8A /* ArthroplastyTemplatesWindow.xib */,
				711AE6C8260A24AF00E5FE8A /* ArthroplastyTemplatesWindowController+Private.h */,
				711AE6B9260A24AF00E5FE8A /* ArthroplastyTemplatesWindowController.h */,
				711AE6B7260A24AF00E5FE8A /* ArthroplastyTemplatesWindowController.mm */,
				711AE6B1260A24AF00E5FE8A /* ArthroplastyTemplatesWindowController+Color.h */,
				711AE6B8260A24AF00E5FE8A /* ArthroplastyTemplatesWindowController+Color.mm */,
				711AE6BC260A24AF00E5FE8A /* ArthroplastyTemplatesWindowController+Templates.h */,
				711AE6C6260A24AF00E5FE8A /* ArthroplastyTemplatesWindowController+Templates.mm */,
				711AE6BE260A24AF00E5FE8A /* ArthroplastyTemplatingPDFView.h */,
				711AE6C2260A24AF00E5FE8A /* ArthroplastyTemplatingPDFView.mm */,
			);
			name = "Templates Window";
			sourceTree = "<group>";
		};
		711AE6E8260A269D00E5FE8A /* Resources */ = {
			isa = PBXGroup;
			children = (
				711AE6EA260A26AF00E5FE8A /* HipArthroplastyTemplating.tiff */,
				711AE6F5260A270500E5FE8A /* Mathys Templates */,
				711AE6F4260A270500E5FE8A /* MEDACTA Templates */,
			);
			name = Resources;
			sourceTree = "<group>";
		};
		711AE6F3260A26EA00E5FE8A /* Steps */ = {
			isa = PBXGroup;
			children = (
				711AE6EF260A26DA00E5FE8A /* HipArthroplastyTemplatingSteps.xib */,
				711AE6BA260A24AF00E5FE8A /* ArthroplastyTemplatingStepsController.h */,
				711AE6CA260A24AF00E5FE8A /* ArthroplastyTemplatingStepsController.mm */,
			);
			name = Steps;
			sourceTree = "<group>";
		};
		711AE70B260A2BD700E5FE8A /* Frameworks */ = {
			isa = PBXGroup;
			children = (
				711AE70C260A2BEC00E5FE8A /* OsiriXAPI.framework */,
			);
			name = Frameworks;
			sourceTree = "<group>";
		};
/* End PBXGroup section */

/* Begin PBXNativeTarget section */
		711AE690260A20B200E5FE8A /* HipArthroplastyTemplating */ = {
			isa = PBXNativeTarget;
			buildConfigurationList = 711AE697260A20B200E5FE8A /* Build configuration list for PBXNativeTarget "HipArthroplastyTemplating" */;
			buildPhases = (
				711AE6AE260A248D00E5FE8A /* Check for Submodules */,
				711AE68D260A20B200E5FE8A /* Sources */,
				711AE68E260A20B200E5FE8A /* Frameworks */,
				711AE68F260A20B200E5FE8A /* Resources */,
				711AE6FD260A276200E5FE8A /* Clean Template Directories */,
				711AE6FE260A279200E5FE8A /* Version */,
			);
			buildRules = (
			);
			dependencies = (
			);
			name = HipArthroplastyTemplating;
			productName = Test;
			productReference = 711AE691260A20B200E5FE8A /* HipArthroplastyTemplating.osirixplugin */;
			productType = "com.apple.product-type.bundle";
		};
/* End PBXNativeTarget section */

/* Begin PBXProject section */
		711AE689260A20B200E5FE8A /* Project object */ = {
			isa = PBXProject;
			attributes = {
				LastUpgradeCheck = 1240;
				TargetAttributes = {
					711AE690260A20B200E5FE8A = {
						CreatedOnToolsVersion = 12.4;
					};
				};
			};
			buildConfigurationList = 711AE68C260A20B200E5FE8A /* Build configuration list for PBXProject "HipArthroplastyTemplating" */;
			compatibilityVersion = "Xcode 9.3";
			developmentRegion = en;
			hasScannedForEncodings = 0;
			knownRegions = (
				en,
				Base,
			);
			mainGroup = 711AE688260A20B200E5FE8A;
			productRefGroup = 711AE692260A20B200E5FE8A /* Products */;
			projectDirPath = "";
			projectRoot = "";
			targets = (
				711AE690260A20B200E5FE8A /* HipArthroplastyTemplating */,
			);
		};
/* End PBXProject section */

/* Begin PBXResourcesBuildPhase section */
		711AE68F260A20B200E5FE8A /* Resources */ = {
			isa = PBXResourcesBuildPhase;
			buildActionMask = 2147483647;
			files = (
				711AE6F0260A26DA00E5FE8A /* HipArthroplastyTemplatingSteps.xib in Resources */,
				711AE6EC260A26AF00E5FE8A /* HipArthroplastyTemplating.tiff in Resources */,
				711AE6F6260A270500E5FE8A /* MEDACTA Templates in Resources */,
				711AE6F7260A270500E5FE8A /* Mathys Templates in Resources */,
				711AE709260A2B6400E5FE8A /* ArthroplastyTemplatesWindow.xib in Resources */,
			);
			runOnlyForDeploymentPostprocessing = 0;
		};
/* End PBXResourcesBuildPhase section */

/* Begin PBXShellScriptBuildPhase section */
		711AE6AE260A248D00E5FE8A /* Check for Submodules */ = {
			isa = PBXShellScriptBuildPhase;
			buildActionMask = 2147483647;
			files = (
			);
			inputFileListPaths = (
			);
			inputPaths = (
			);
			name = "Check for Submodules";
			outputFileListPaths = (
			);
			outputPaths = (
			);
			runOnlyForDeploymentPostprocessing = 0;
			shellPath = /bin/sh;
			shellScript = "git submodule foreach --recursive \"git submodule init\"\n\n#if [ ! -d \"OsiriX-API/OsiriX.framework\" ]; then\n#    echo \"warning: submodule OsiriX-API requires init/update, please wait...\"\n#    cd \"OsiriX-API\"\n#    git submodule init\n#    git submodule update\n#fi\n";
		};
		711AE6FD260A276200E5FE8A /* Clean Template Directories */ = {
			isa = PBXShellScriptBuildPhase;
			buildActionMask = 2147483647;
			files = (
			);
			inputFileListPaths = (
			);
			inputPaths = (
			);
			name = "Clean Template Directories";
			outputFileListPaths = (
			);
			outputPaths = (
			);
			runOnlyForDeploymentPostprocessing = 0;
			shellPath = /usr/bin/perl;
			shellScript = "#/usr/bin/perl\n\nuse strict;\nuse subs qw(process);\n\nmy $path = \"$ENV{TARGET_BUILD_DIR}/$ENV{UNLOCALIZED_RESOURCES_FOLDER_PATH}\";\n\nsub process {\n    my ($path) = @_;\n    return if $path =~ /\\/(?:\\.|\\.\\.)$/;\n    unlink $path if -f $path && $path !~ /\\.(?:pdf|txt|plist)$/i;\n    unlink $path if -f $path && $path =~ /readme/i;\n\n    if (-d $path) {\n        opendir(DIR, $path);\n        process \"$path/$_\" foreach readdir(DIR);\n        closedir(DIR);\n    }\n}\n\nopendir(RESOURCES, $path);\nforeach (readdir(RESOURCES)) {\n    my $resource = \"$path/$_\";\n    next unless -d $resource && $resource =~ /templates/i;\n    process $resource;\n}\n\nclosedir(RESOURCES);\n\nexit 0;\n";
		};
		711AE6FE260A279200E5FE8A /* Version */ = {
			isa = PBXShellScriptBuildPhase;
			buildActionMask = 2147483647;
			files = (
			);
			inputFileListPaths = (
			);
			inputPaths = (
			);
			name = Version;
			outputFileListPaths = (
			);
			outputPaths = (
			);
			runOnlyForDeploymentPostprocessing = 0;
			shellPath = /bin/sh;
			shellScript = "sh \"HipArthroplastyTemplating/Scripts/Version.sh\"\n";
		};
/* End PBXShellScriptBuildPhase section */

/* Begin PBXSourcesBuildPhase section */
		711AE68D260A20B200E5FE8A /* Sources */ = {
			isa = PBXSourcesBuildPhase;
			buildActionMask = 2147483647;
			files = (
				711AE6DD260A24B000E5FE8A /* HipAT2D.mm in Sources */,
				711AE6D3260A24B000E5FE8A /* ArthroplastyTemplate.mm in Sources */,
				711AE6D5260A24B000E5FE8A /* HipArthroplastyTemplating.mm in Sources */,
				711AE6D1260A24B000E5FE8A /* ArthroplastyTemplatesWindowController.mm in Sources */,
				711AE6DE260A24B000E5FE8A /* InfoTxtTemplate.mm in Sources */,
				711AE6DB260A24B000E5FE8A /* ArthroplastyTemplatingSplitView.mm in Sources */,
				711AE6D9260A24B000E5FE8A /* ArthroplastyTemplatingTableView.mm in Sources */,
				711AE6DC260A24B000E5FE8A /* ArthroplastyTemplatingStepsController.mm in Sources */,
				711AE6D2260A24B000E5FE8A /* ArthroplastyTemplatesWindowController+Color.mm in Sources */,
				711AE6D4260A24B000E5FE8A /* HipArthroplastyTemplating+Versions.m in Sources */,
				711AE6D7260A24B000E5FE8A /* ArthroplastyTemplatingPDFView.mm in Sources */,
				711AE6D6260A24B000E5FE8A /* ArthroplastyTemplatingUserDefaults.mm in Sources */,
				711AE6DA260A24B000E5FE8A /* ArthroplastyTemplatesWindowController+Templates.mm in Sources */,
				711AE6D8260A24B000E5FE8A /* ArthroplastyTemplateFamily.mm in Sources */,
				711AE6D0260A24B000E5FE8A /* NSBitmapImageRep+ArthroplastyTemplating.mm in Sources */,
			);
			runOnlyForDeploymentPostprocessing = 0;
		};
/* End PBXSourcesBuildPhase section */

/* Begin XCBuildConfiguration section */
		711AE695260A20B200E5FE8A /* Debug */ = {
			isa = XCBuildConfiguration;
			buildSettings = {
				ALWAYS_SEARCH_USER_PATHS = NO;
				CLANG_ANALYZER_LOCALIZABILITY_NONLOCALIZED = YES;
				CLANG_WARN_BOOL_CONVERSION = YES;
				CLANG_WARN_CONSTANT_CONVERSION = YES;
				CLANG_WARN_EMPTY_BODY = YES;
				CLANG_WARN_ENUM_CONVERSION = YES;
				CLANG_WARN_INFINITE_RECURSION = YES;
				CLANG_WARN_INT_CONVERSION = YES;
				CLANG_WARN_SUSPICIOUS_MOVE = YES;
				CLANG_WARN_UNREACHABLE_CODE = YES;
				CLANG_WARN__DUPLICATE_METHOD_MATCH = YES;
				COPY_PHASE_STRIP = NO;
				DEBUG_INFORMATION_FORMAT = dwarf;
				ENABLE_STRICT_OBJC_MSGSEND = YES;
				ENABLE_TESTABILITY = YES;
				FRAMEWORK_SEARCH_PATHS = "$(PROJECT_DIR)/OsiriX-API";
				GCC_C_LANGUAGE_STANDARD = gnu11;
				GCC_NO_COMMON_BLOCKS = YES;
				GCC_OPTIMIZATION_LEVEL = 0;
				GCC_PREPROCESSOR_DEFINITIONS = (
					"DEBUG=1",
					"$(inherited)",
				);
				GCC_WARN_64_TO_32_BIT_CONVERSION = YES;
				GCC_WARN_ABOUT_RETURN_TYPE = YES;
				GCC_WARN_UNDECLARED_SELECTOR = YES;
				GCC_WARN_UNINITIALIZED_AUTOS = YES;
				GCC_WARN_UNUSED_FUNCTION = YES;
				GCC_WARN_UNUSED_VARIABLE = YES;
				MACOSX_DEPLOYMENT_TARGET = 10.13;
				ONLY_ACTIVE_ARCH = YES;
				SDKROOT = macosx;
				SKIP_INSTALL = YES;
			};
			name = Debug;
		};
		711AE696260A20B200E5FE8A /* Release */ = {
			isa = XCBuildConfiguration;
			buildSettings = {
				ALWAYS_SEARCH_USER_PATHS = NO;
				CLANG_ANALYZER_LOCALIZABILITY_NONLOCALIZED = YES;
				CLANG_WARN_BOOL_CONVERSION = YES;
				CLANG_WARN_CONSTANT_CONVERSION = YES;
				CLANG_WARN_EMPTY_BODY = YES;
				CLANG_WARN_ENUM_CONVERSION = YES;
				CLANG_WARN_INFINITE_RECURSION = YES;
				CLANG_WARN_INT_CONVERSION = YES;
				CLANG_WARN_SUSPICIOUS_MOVE = YES;
				CLANG_WARN_UNREACHABLE_CODE = YES;
				CLANG_WARN__DUPLICATE_METHOD_MATCH = YES;
				DEBUG_INFORMATION_FORMAT = "dwarf-with-dsym";
				ENABLE_STRICT_OBJC_MSGSEND = YES;
				FRAMEWORK_SEARCH_PATHS = "$(PROJECT_DIR)/OsiriX-API";
				GCC_C_LANGUAGE_STANDARD = gnu11;
				GCC_NO_COMMON_BLOCKS = YES;
				GCC_WARN_64_TO_32_BIT_CONVERSION = YES;
				GCC_WARN_ABOUT_RETURN_TYPE = YES;
				GCC_WARN_UNDECLARED_SELECTOR = YES;
				GCC_WARN_UNINITIALIZED_AUTOS = YES;
				GCC_WARN_UNUSED_FUNCTION = YES;
				GCC_WARN_UNUSED_VARIABLE = YES;
				MACOSX_DEPLOYMENT_TARGET = 10.13;
				SDKROOT = macosx;
				SKIP_INSTALL = YES;
			};
			name = Release;
		};
		711AE698260A20B200E5FE8A /* Debug */ = {
			isa = XCBuildConfiguration;
			buildSettings = {
				COMBINE_HIDPI_IMAGES = YES;
				GCC_WARN_ABOUT_DEPRECATED_FUNCTIONS = NO;
				INFOPLIST_FILE = HipArthroplastyTemplating/Info.plist;
				OTHER_LDFLAGS = (
					"-undefined",
					dynamic_lookup,
				);
				PRODUCT_BUNDLE_IDENTIFIER = io.volz.hiparthroplastytemplating;
				PRODUCT_NAME = "$(TARGET_NAME)";
				WRAPPER_EXTENSION = osirixplugin;
			};
			name = Debug;
		};
		711AE699260A20B200E5FE8A /* Release */ = {
			isa = XCBuildConfiguration;
			buildSettings = {
				COMBINE_HIDPI_IMAGES = YES;
				GCC_WARN_ABOUT_DEPRECATED_FUNCTIONS = NO;
				INFOPLIST_FILE = HipArthroplastyTemplating/Info.plist;
				OTHER_LDFLAGS = (
					"-undefined",
					dynamic_lookup,
				);
				PRODUCT_BUNDLE_IDENTIFIER = io.volz.hiparthroplastytemplating;
				PRODUCT_NAME = "$(TARGET_NAME)";
				WRAPPER_EXTENSION = osirixplugin;
			};
			name = Release;
		};
/* End XCBuildConfiguration section */

/* Begin XCConfigurationList section */
		711AE68C260A20B200E5FE8A /* Build configuration list for PBXProject "HipArthroplastyTemplating" */ = {
			isa = XCConfigurationList;
			buildConfigurations = (
				711AE695260A20B200E5FE8A /* Debug */,
				711AE696260A20B200E5FE8A /* Release */,
			);
			defaultConfigurationIsVisible = 0;
			defaultConfigurationName = Release;
		};
		711AE697260A20B200E5FE8A /* Build configuration list for PBXNativeTarget "HipArthroplastyTemplating" */ = {
			isa = XCConfigurationList;
			buildConfigurations = (
				711AE698260A20B200E5FE8A /* Debug */,
				711AE699260A20B200E5FE8A /* Release */,
			);
			defaultConfigurationIsVisible = 0;
			defaultConfigurationName = Release;
		};
/* End XCConfigurationList section */
	};
	rootObject = 711AE689260A20B200E5FE8A /* Project object */;
}
